{
    "_readme": [
        "This file locks the dependencies of your project to a known state",
        "Read more about it at https://getcomposer.org/doc/01-basic-usage.md#installing-dependencies",
        "This file is @generated automatically"
    ],
    "content-hash": "ea5478efcb60a2fa66aa0a7cdb54cc05",
    "packages": [
        {
            "name": "jamesryanbell/cloudflare",
            "version": "1.11.1",
            "source": {
                "type": "git",
                "url": "https://github.com/jamesryanbell/cloudflare.git",
                "reference": "75e93bb822619d8ddb8b1843588caa2fad739491"
            },
            "dist": {
                "type": "zip",
                "url": "https://api.github.com/repos/jamesryanbell/cloudflare/zipball/75e93bb822619d8ddb8b1843588caa2fad739491",
                "reference": "75e93bb822619d8ddb8b1843588caa2fad739491",
                "shasum": ""
            },
            "require-dev": {
                "phpunit/phpunit": "< 6",
                "satooshi/php-coveralls": "dev-master"
            },
            "type": "library",
            "autoload": {
                "psr-4": {
                    "Cloudflare\\": "src/CloudFlare"
                }
            },
            "notification-url": "https://packagist.org/downloads/",
            "license": [
                "MIT"
            ],
            "authors": [
                {
                    "name": "James Bell",
                    "email": "james@james-bell.co.uk"
                }
            ],
            "description": "CloudFlare API - PHP",
            "keywords": [
                "api",
                "cloudflare"
            ],
            "time": "2017-08-04T19:01:02+00:00"
        }
    ],
    "packages-dev": [],
    "aliases": [],
    "minimum-stability": "stable",
    "stability-flags": [],
    "prefer-stable": false,
    "prefer-lowest": false,
    "platform": [],
    "platform-dev": [],
    "plugin-api-version": "1.1.0"
}
